
Microsoft Visual Studio Solution File, Format Version 12.00
# Visual Studio Version 17
VisualStudioVersion = 17.13.35931.197 d17.13
MinimumVisualStudioVersion = 10.0.40219.1
Project("{FAE04EC0-301F-11D3-BF4B-00C04F79EFBC}") = "exercises", "exercises\exercises.csproj", "{84830EBD-09C6-44B8-A44F-788045BAF8BE}"
EndProject
Global
	GlobalSection(SolutionConfigurationPlatforms) = preSolution
		Debug|Any CPU = Debug|Any CPU
		Release|Any CPU = Release|Any CPU
	EndGlobalSection
	GlobalSection(ProjectConfigurationPlatforms) = postSolution
		{84830EBD-09C6-44B8-A44F-788045BAF8BE}.Debug|Any CPU.ActiveCfg = Debug|Any CPU
		{84830EBD-09C6-44B8-A44F-788045BAF8BE}.Debug|Any CPU.Build.0 = Debug|Any CPU
		{84830EBD-09C6-44B8-A44F-788045BAF8BE}.Release|Any CPU.ActiveCfg = Release|Any CPU
		{84830EBD-09C6-44B8-A44F-788045BAF8BE}.Release|Any CPU.Build.0 = Release|Any CPU
	EndGlobalSection
	GlobalSection(SolutionProperties) = preSolution
		HideSolutionNode = FALSE
	EndGlobalSection
	GlobalSection(ExtensibilityGlobals) = postSolution
		SolutionGuid = {AB03762C-9CCA-4D3A-9E32-6212B7FDBDA0}
	EndGlobalSection
EndGlobal
